
Microsoft Visual Studio Solution File, Format Version 12.00
# Visual Studio Version 16
VisualStudioVersion = 16.0.31320.298
MinimumVisualStudioVersion = 10.0.40219.1
Project("{9A19103F-16F7-4668-BE54-9A1E7A4F7556}") = "ReBlaze", "ReBlaze.csproj", "{37839751-FB2C-4C7B-8FCD-64DD7257F48E}"
EndProject
Global
	GlobalSection(SolutionConfigurationPlatforms) = preSolution
		Debug|Any CPU = Debug|Any CPU
		Release|Any CPU = Release|Any CPU
	EndGlobalSection
	GlobalSection(ProjectConfigurationPlatforms) = postSolution
		{37839751-FB2C-4C7B-8FCD-64DD7257F48E}.Debug|Any CPU.ActiveCfg = Debug|Any CPU
		{37839751-FB2C-4C7B-8FCD-64DD7257F48E}.Debug|Any CPU.Build.0 = Debug|Any CPU
		{37839751-FB2C-4C7B-8FCD-64DD7257F48E}.Release|Any CPU.ActiveCfg = Release|Any CPU
		{37839751-FB2C-4C7B-8FCD-64DD7257F48E}.Release|Any CPU.Build.0 = Release|Any CPU
	EndGlobalSection
	GlobalSection(SolutionProperties) = preSolution
		HideSolutionNode = FALSE
	EndGlobalSection
	GlobalSection(ExtensibilityGlobals) = postSolution
		SolutionGuid = {675F04D9-F8D6-41FD-AD5C-E7EE8A832436}
	EndGlobalSection
EndGlobal
